// !$*UTF8*$!
{
	archiveVersion = 1;
	classes = {
	};
	objectVersion = 50;
	objects = {

/* Begin PBXBuildFile section */
		6998098122599A4B00EA366E /* ItemsViewController.swift in Sources */ = {isa = PBXBuildFile; fileRef = 6998098022599A4B00EA366E /* ItemsViewController.swift */; };
		6998098322599CDC00EA366E /* Item.swift in Sources */ = {isa = PBXBuildFile; fileRef = 6998098222599CDC00EA366E /* Item.swift */; };
		699809852259A10800EA366E /* ItemStore.swift in Sources */ = {isa = PBXBuildFile; fileRef = 699809842259A10800EA366E /* ItemStore.swift */; };
		69AB0DE92259960E00CB5FDC /* AppDelegate.swift in Sources */ = {isa = PBXBuildFile; fileRef = 69AB0DE82259960E00CB5FDC /* AppDelegate.swift */; };
		69AB0DEB2259960E00CB5FDC /* ViewController.swift in Sources */ = {isa = PBXBuildFile; fileRef = 69AB0DEA2259960E00CB5FDC /* ViewController.swift */; };
		69AB0DEE2259960E00CB5FDC /* Main.storyboard in Resources */ = {isa = PBXBuildFile; fileRef = 69AB0DEC2259960E00CB5FDC /* Main.storyboard */; };
		69AB0DF02259960F00CB5FDC /* Assets.xcassets in Resources */ = {isa = PBXBuildFile; fileRef = 69AB0DEF2259960F00CB5FDC /* Assets.xcassets */; };
		69AB0DF32259960F00CB5FDC /* LaunchScreen.storyboard in Resources */ = {isa = PBXBuildFile; fileRef = 69AB0DF12259960F00CB5FDC /* LaunchScreen.storyboard */; };
/* End PBXBuildFile section */

/* Begin PBXFileReference section */
		6998098022599A4B00EA366E /* ItemsViewController.swift */ = {isa = PBXFileReference; lastKnownFileType = sourcecode.swift; path = ItemsViewController.swift; sourceTree = "<group>"; };
		6998098222599CDC00EA366E /* Item.swift */ = {isa = PBXFileReference; lastKnownFileType = sourcecode.swift; path = Item.swift; sourceTree = "<group>"; };
		699809842259A10800EA366E /* ItemStore.swift */ = {isa = PBXFileReference; lastKnownFileType = sourcecode.swift; path = ItemStore.swift; sourceTree = "<group>"; };
		69AB0DE52259960E00CB5FDC /* Aiello-HW-TableView.app */ = {isa = PBXFileReference; explicitFileType = wrapper.application; includeInIndex = 0; path = "Aiello-HW-TableView.app"; sourceTree = BUILT_PRODUCTS_DIR; };
		69AB0DE82259960E00CB5FDC /* AppDelegate.swift */ = {isa = PBXFileReference; lastKnownFileType = sourcecode.swift; path = AppDelegate.swift; sourceTree = "<group>"; };
		69AB0DEA2259960E00CB5FDC /* ViewController.swift */ = {isa = PBXFileReference; lastKnownFileType = sourcecode.swift; path = ViewController.swift; sourceTree = "<group>"; };
		69AB0DED2259960E00CB5FDC /* Base */ = {isa = PBXFileReference; lastKnownFileType = file.storyboard; name = Base; path = Base.lproj/Main.storyboard; sourceTree = "<group>"; };
		69AB0DEF2259960F00CB5FDC /* Assets.xcassets */ = {isa = PBXFileReference; lastKnownFileType = folder.assetcatalog; path = Assets.xcassets; sourceTree = "<group>"; };
		69AB0DF22259960F00CB5FDC /* Base */ = {isa = PBXFileReference; lastKnownFileType = file.storyboard; name = Base; path = Base.lproj/LaunchScreen.storyboard; sourceTree = "<group>"; };
		69AB0DF42259960F00CB5FDC /* Info.plist */ = {isa = PBXFileReference; lastKnownFileType = text.plist.xml; path = Info.plist; sourceTree = "<group>"; };
/* End PBXFileReference section */

/* Begin PBXFrameworksBuildPhase section */
		69AB0DE22259960E00CB5FDC /* Frameworks */ = {
			isa = PBXFrameworksBuildPhase;
			buildActionMask = 2147483647;
			files = (
			);
			runOnlyForDeploymentPostprocessing = 0;
		};
/* End PBXFrameworksBuildPhase section */

/* Begin PBXGroup section */
		69AB0DDC2259960E00CB5FDC = {
			isa = PBXGroup;
			children = (
				69AB0DE72259960E00CB5FDC /* Aiello-HW-TableView */,
				69AB0DE62259960E00CB5FDC /* Products */,
			);
			sourceTree = "<group>";
		};
		69AB0DE62259960E00CB5FDC /* Products */ = {
			isa = PBXGroup;
			children = (
				69AB0DE52259960E00CB5FDC /* Aiello-HW-TableView.app */,
			);
			name = Products;
			sourceTree = "<group>";
		};
		69AB0DE72259960E00CB5FDC /* Aiello-HW-TableView */ = {
			isa = PBXGroup;
			children = (
				69AB0DE82259960E00CB5FDC /* AppDelegate.swift */,
				69AB0DEA2259960E00CB5FDC /* ViewController.swift */,
				69AB0DEC2259960E00CB5FDC /* Main.storyboard */,
				69AB0DEF2259960F00CB5FDC /* Assets.xcassets */,
				69AB0DF12259960F00CB5FDC /* LaunchScreen.storyboard */,
				69AB0DF42259960F00CB5FDC /* Info.plist */,
				6998098022599A4B00EA366E /* ItemsViewController.swift */,
				6998098222599CDC00EA366E /* Item.swift */,
				699809842259A10800EA366E /* ItemStore.swift */,
			);
			path = "Aiello-HW-TableView";
			sourceTree = "<group>";
		};
/* End PBXGroup section */

/* Begin PBXNativeTarget section */
		69AB0DE42259960E00CB5FDC /* Aiello-HW-TableView */ = {
			isa = PBXNativeTarget;
			buildConfigurationList = 69AB0DF72259960F00CB5FDC /* Build configuration list for PBXNativeTarget "Aiello-HW-TableView" */;
			buildPhases = (
				69AB0DE12259960E00CB5FDC /* Sources */,
				69AB0DE22259960E00CB5FDC /* Frameworks */,
				69AB0DE32259960E00CB5FDC /* Resources */,
			);
			buildRules = (
			);
			dependencies = (
			);
			name = "Aiello-HW-TableView";
			productName = "Aiello-HW-TableView";
			productReference = 69AB0DE52259960E00CB5FDC /* Aiello-HW-TableView.app */;
			productType = "com.apple.product-type.application";
		};
/* End PBXNativeTarget section */

/* Begin PBXProject section */
		69AB0DDD2259960E00CB5FDC /* Project object */ = {
			isa = PBXProject;
			attributes = {
				LastSwiftUpdateCheck = 1010;
				LastUpgradeCheck = 1010;
				ORGANIZATIONNAME = "Tony Aiello";
				TargetAttributes = {
					69AB0DE42259960E00CB5FDC = {
						CreatedOnToolsVersion = 10.1;
					};
				};
			};
			buildConfigurationList = 69AB0DE02259960E00CB5FDC /* Build configuration list for PBXProject "Aiello-HW-TableView" */;
			compatibilityVersion = "Xcode 9.3";
			developmentRegion = en;
			hasScannedForEncodings = 0;
			knownRegions = (
				en,
				Base,
			);
			mainGroup = 69AB0DDC2259960E00CB5FDC;
			productRefGroup = 69AB0DE62259960E00CB5FDC /* Products */;
			projectDirPath = "";
			projectRoot = "";
			targets = (
				69AB0DE42259960E00CB5FDC /* Aiello-HW-TableView */,
			);
		};
/* End PBXProject section */

/* Begin PBXResourcesBuildPhase section */
		69AB0DE32259960E00CB5FDC /* Resources */ = {
			isa = PBXResourcesBuildPhase;
			buildActionMask = 2147483647;
			files = (
				69AB0DF32259960F00CB5FDC /* LaunchScreen.storyboard in Resources */,
				69AB0DF02259960F00CB5FDC /* Assets.xcassets in Resources */,
				69AB0DEE2259960E00CB5FDC /* Main.storyboard in Resources */,
			);
			runOnlyForDeploymentPostprocessing = 0;
		};
/* End PBXResourcesBuildPhase section */

/* Begin PBXSourcesBuildPhase section */
		69AB0DE12259960E00CB5FDC /* Sources */ = {
			isa = PBXSourcesBuildPhase;
			buildActionMask = 2147483647;
			files = (
				6998098322599CDC00EA366E /* Item.swift in Sources */,
				69AB0DEB2259960E00CB5FDC /* ViewController.swift in Sources */,
				6998098122599A4B00EA366E /* ItemsViewController.swift in Sources */,
				699809852259A10800EA366E /* ItemStore.swift in Sources */,
				69AB0DE92259960E00CB5FDC /* AppDelegate.swift in Sources */,
			);
			runOnlyForDeploymentPostprocessing = 0;
		};
/* End PBXSourcesBuildPhase section */

/* Begin PBXVariantGroup section */
		69AB0DEC2259960E00CB5FDC /* Main.storyboard */ = {
			isa = PBXVariantGroup;
			children = (
				69AB0DED2259960E00CB5FDC /* Base */,
			);
			name = Main.storyboard;
			sourceTree = "<group>";
		};
		69AB0DF12259960F00CB5FDC /* LaunchScreen.storyboard */ = {
			isa = PBXVariantGroup;
			children = (
				69AB0DF22259960F00CB5FDC /* Base */,
			);
			name = LaunchScreen.storyboard;
			sourceTree = "<group>";
		};
/* End PBXVariantGroup section */

/* Begin XCBuildConfiguration section */
		69AB0DF52259960F00CB5FDC /* Debug */ = {
			isa = XCBuildConfiguration;
			buildSettings = {
				ALWAYS_SEARCH_USER_PATHS = NO;
				CLANG_ANALYZER_NONNULL = YES;
				CLANG_ANALYZER_NUMBER_OBJECT_CONVERSION = YES_AGGRESSIVE;
				CLANG_CXX_LANGUAGE_STANDARD = "gnu++14";
				CLANG_CXX_LIBRARY = "libc++";
				CLANG_ENABLE_MODULES = YES;
				CLANG_ENABLE_OBJC_ARC = YES;
				CLANG_ENABLE_OBJC_WEAK = YES;
				CLANG_WARN_BLOCK_CAPTURE_AUTORELEASING = YES;
				CLANG_WARN_BOOL_CONVERSION = YES;
				CLANG_WARN_COMMA = YES;
				CLANG_WARN_CONSTANT_CONVERSION = YES;
				CLANG_WARN_DEPRECATED_OBJC_IMPLEMENTATIONS = YES;
				CLANG_WARN_DIRECT_OBJC_ISA_USAGE = YES_ERROR;
				CLANG_WARN_DOCUMENTATION_COMMENTS = YES;
				CLANG_WARN_EMPTY_BODY = YES;
				CLANG_WARN_ENUM_CONVERSION = YES;
				CLANG_WARN_INFINITE_RECURSION = YES;
				CLANG_WARN_INT_CONVERSION = YES;
				CLANG_WARN_NON_LITERAL_NULL_CONVERSION = YES;
				CLANG_WARN_OBJC_IMPLICIT_RETAIN_SELF = YES;
				CLANG_WARN_OBJC_LITERAL_CONVERSION = YES;
				CLANG_WARN_OBJC_ROOT_CLASS = YES_ERROR;
				CLANG_WARN_RANGE_LOOP_ANALYSIS = YES;
				CLANG_WARN_STRICT_PROTOTYPES = YES;
				CLANG_WARN_SUSPICIOUS_MOVE = YES;
				CLANG_WARN_UNGUARDED_AVAILABILITY = YES_AGGRESSIVE;
				CLANG_WARN_UNREACHABLE_CODE = YES;
				CLANG_WARN__DUPLICATE_METHOD_MATCH = YES;
				CODE_SIGN_IDENTITY = "iPhone Developer";
				COPY_PHASE_STRIP = NO;
				DEBUG_INFORMATION_FORMAT = dwarf;
				ENABLE_STRICT_OBJC_MSGSEND = YES;
				ENABLE_TESTABILITY = YES;
				GCC_C_LANGUAGE_STANDARD = gnu11;
				GCC_DYNAMIC_NO_PIC = NO;
				GCC_NO_COMMON_BLOCKS = YES;
				GCC_OPTIMIZATION_LEVEL = 0;
				GCC_PREPROCESSOR_DEFINITIONS = (
					"DEBUG=1",
					"$(inherited)",
				);
				GCC_WARN_64_TO_32_BIT_CONVERSION = YES;
				GCC_WARN_ABOUT_RETURN_TYPE = YES_ERROR;
				GCC_WARN_UNDECLARED_SELECTOR = YES;
				GCC_WARN_UNINITIALIZED_AUTOS = YES_AGGRESSIVE;
				GCC_WARN_UNUSED_FUNCTION = YES;
				GCC_WARN_UNUSED_VARIABLE = YES;
				IPHONEOS_DEPLOYMENT_TARGET = 12.1;
				MTL_ENABLE_DEBUG_INFO = INCLUDE_SOURCE;
				MTL_FAST_MATH = YES;
				ONLY_ACTIVE_ARCH = YES;
				SDKROOT = iphoneos;
				SWIFT_ACTIVE_COMPILATION_CONDITIONS = DEBUG;
				SWIFT_OPTIMIZATION_LEVEL = "-Onone";
			};
			name = Debug;
		};
		69AB0DF62259960F00CB5FDC /* Release */ = {
			isa = XCBuildConfiguration;
			buildSettings = {
				ALWAYS_SEARCH_USER_PATHS = NO;
				CLANG_ANALYZER_NONNULL = YES;
				CLANG_ANALYZER_NUMBER_OBJECT_CONVERSION = YES_AGGRESSIVE;
				CLANG_CXX_LANGUAGE_STANDARD = "gnu++14";
				CLANG_CXX_LIBRARY = "libc++";
				CLANG_ENABLE_MODULES = YES;
				CLANG_ENABLE_OBJC_ARC = YES;
				CLANG_ENABLE_OBJC_WEAK = YES;
				CLANG_WARN_BLOCK_CAPTURE_AUTORELEASING = YES;
				CLANG_WARN_BOOL_CONVERSION = YES;
				CLANG_WARN_COMMA = YES;
				CLANG_WARN_CONSTANT_CONVERSION = YES;
				CLANG_WARN_DEPRECATED_OBJC_IMPLEMENTATIONS = YES;
				CLANG_WARN_DIRECT_OBJC_ISA_USAGE = YES_ERROR;
				CLANG_WARN_DOCUMENTATION_COMMENTS = YES;
				CLANG_WARN_EMPTY_BODY = YES;
				CLANG_WARN_ENUM_CONVERSION = YES;
				CLANG_WARN_INFINITE_RECURSION = YES;
				CLANG_WARN_INT_CONVERSION = YES;
				CLANG_WARN_NON_LITERAL_NULL_CONVERSION = YES;
				CLANG_WARN_OBJC_IMPLICIT_RETAIN_SELF = YES;
				CLANG_WARN_OBJC_LITERAL_CONVERSION = YES;
				CLANG_WARN_OBJC_ROOT_CLASS = YES_ERROR;
				CLANG_WARN_RANGE_LOOP_ANALYSIS = YES;
				CLANG_WARN_STRICT_PROTOTYPES = YES;
				CLANG_WARN_SUSPICIOUS_MOVE = YES;
				CLANG_WARN_UNGUARDED_AVAILABILITY = YES_AGGRESSIVE;
				CLANG_WARN_UNREACHABLE_CODE = YES;
				CLANG_WARN__DUPLICATE_METHOD_MATCH = YES;
				CODE_SIGN_IDENTITY = "iPhone Developer";
				COPY_PHASE_STRIP = NO;
				DEBUG_INFORMATION_FORMAT = "dwarf-with-dsym";
				ENABLE_NS_ASSERTIONS = NO;
				ENABLE_STRICT_OBJC_MSGSEND = YES;
				GCC_C_LANGUAGE_STANDARD = gnu11;
				GCC_NO_COMMON_BLOCKS = YES;
				GCC_WARN_64_TO_32_BIT_CONVERSION = YES;
				GCC_WARN_ABOUT_RETURN_TYPE = YES_ERROR;
				GCC_WARN_UNDECLARED_SELECTOR = YES;
				GCC_WARN_UNINITIALIZED_AUTOS = YES_AGGRESSIVE;
				GCC_WARN_UNUSED_FUNCTION = YES;
				GCC_WARN_UNUSED_VARIABLE = YES;
				IPHONEOS_DEPLOYMENT_TARGET = 12.1;
				MTL_ENABLE_DEBUG_INFO = NO;
				MTL_FAST_MATH = YES;
				SDKROOT = iphoneos;
				SWIFT_COMPILATION_MODE = wholemodule;
				SWIFT_OPTIMIZATION_LEVEL = "-O";
				VALIDATE_PRODUCT = YES;
			};
			name = Release;
		};
		69AB0DF82259960F00CB5FDC /* Debug */ = {
			isa = XCBuildConfiguration;
			buildSettings = {
				ASSETCATALOG_COMPILER_APPICON_NAME = AppIcon;
				CODE_SIGN_STYLE = Automatic;
				DEVELOPMENT_TEAM = 9CRWT527YL;
				INFOPLIST_FILE = "Aiello-HW-TableView/Info.plist";
				LD_RUNPATH_SEARCH_PATHS = (
					"$(inherited)",
					"@executable_path/Frameworks",
				);
				PRODUCT_BUNDLE_IDENTIFIER = "com.tonyaiello.Aiello-HW-TableView";
				PRODUCT_NAME = "$(TARGET_NAME)";
				SWIFT_VERSION = 4.2;
				TARGETED_DEVICE_FAMILY = "1,2";
			};
			name = Debug;
		};
		69AB0DF92259960F00CB5FDC /* Release */ = {
			isa = XCBuildConfiguration;
			buildSettings = {
				ASSETCATALOG_COMPILER_APPICON_NAME = AppIcon;
				CODE_SIGN_STYLE = Automatic;
				DEVELOPMENT_TEAM = 9CRWT527YL;
				INFOPLIST_FILE = "Aiello-HW-TableView/Info.plist";
				LD_RUNPATH_SEARCH_PATHS = (
					"$(inherited)",
					"@executable_path/Frameworks",
				);
				PRODUCT_BUNDLE_IDENTIFIER = "com.tonyaiello.Aiello-HW-TableView";
				PRODUCT_NAME = "$(TARGET_NAME)";
				SWIFT_VERSION = 4.2;
				TARGETED_DEVICE_FAMILY = "1,2";
			};
			name = Release;
		};
/* End XCBuildConfiguration section */

/* Begin XCConfigurationList section */
		69AB0DE02259960E00CB5FDC /* Build configuration list for PBXProject "Aiello-HW-TableView" */ = {
			isa = XCConfigurationList;
			buildConfigurations = (
				69AB0DF52259960F00CB5FDC /* Debug */,
				69AB0DF62259960F00CB5FDC /* Release */,
			);
			defaultConfigurationIsVisible = 0;
			defaultConfigurationName = Release;
		};
		69AB0DF72259960F00CB5FDC /* Build configuration list for PBXNativeTarget "Aiello-HW-TableView" */ = {
			isa = XCConfigurationList;
			buildConfigurations = (
				69AB0DF82259960F00CB5FDC /* Debug */,
				69AB0DF92259960F00CB5FDC /* Release */,
			);
			defaultConfigurationIsVisible = 0;
			defaultConfigurationName = Release;
		};
/* End XCConfigurationList section */
	};
	rootObject = 69AB0DDD2259960E00CB5FDC /* Project object */;
}
